
Microsoft Visual Studio Solution File, Format Version 12.00
# Visual Studio 15
VisualStudioVersion = 15.0.27428.2005
MinimumVisualStudioVersion = 10.0.40219.1
Project("{2150E333-8FDC-42A3-9474-1A3956D46DE8}") = "2 - Business", "2 - Business", "{4F02EF81-4B5E-4E7A-854E-29E6CE0EB23B}"
EndProject
Project("{2150E333-8FDC-42A3-9474-1A3956D46DE8}") = "3 - Data", "3 - Data", "{5FCFC4C0-48D9-4685-A765-7C9159292549}"
EndProject
Project("{2150E333-8FDC-42A3-9474-1A3956D46DE8}") = "4 - Shared", "4 - Shared", "{344F30B9-3A4B-4809-8E5E-E4853F8B3D00}"
EndProject
Project("{2150E333-8FDC-42A3-9474-1A3956D46DE8}") = "5 - Database", "5 - Database", "{BDF84720-C3C2-4D4F-B605-EA3A573CAC32}"
EndProject
Project("{2150E333-8FDC-42A3-9474-1A3956D46DE8}") = "6 - Tests", "6 - Tests", "{88C34E1C-6EF6-48C5-8974-F0912AC0F401}"
EndProject
Project("{FAE04EC0-301F-11D3-BF4B-00C04F79EFBC}") = "Bliss.Recruitment.Business", "Bliss.Recruitment.Business\Bliss.Recruitment.Business.csproj", "{B64780E2-B331-48E6-BFAD-68CF26514E42}"
EndProject
Project("{FAE04EC0-301F-11D3-BF4B-00C04F79EFBC}") = "Bliss.Recruitment.Data", "Bliss.Recruitment.Data\Bliss.Recruitment.Data.csproj", "{7E344169-0DA6-499F-A8AA-E7958EE996A4}"
EndProject
Project("{FAE04EC0-301F-11D3-BF4B-00C04F79EFBC}") = "Bliss.Recruitment.Entities", "Bliss.Recruitment.Entities\Bliss.Recruitment.Entities.csproj", "{69840FBA-182B-489C-AA6C-44ED2D23D429}"
EndProject
Project("{FAE04EC0-301F-11D3-BF4B-00C04F79EFBC}") = "Bliss.Recruitment.Tests", "Bliss.Recruitment.Tests\Bliss.Recruitment.Tests.csproj", "{D495D556-03EF-4D3D-AA37-B146F2161A6B}"
EndProject
Project("{00D1A9C2-B5F0-4AF3-8072-F6C62B433612}") = "Bliss.Recruitment.Database", "Bliss.Recruitment.Database\Bliss.Recruitment.Database.sqlproj", "{85DC1F16-61A4-4B9A-8962-C68D3A82721A}"
EndProject
Project("{2150E333-8FDC-42A3-9474-1A3956D46DE8}") = "1 - Services", "1 - Services", "{137B4A5B-3EE8-4624-BBC4-0D26F0424C52}"
EndProject
Project("{FAE04EC0-301F-11D3-BF4B-00C04F79EFBC}") = "Bliss.Recruitment.Api", "Bliss.Recruitment.Api\Bliss.Recruitment.Api.csproj", "{509FC11C-9CD3-4F43-872B-6516A4BF6174}"
EndProject
Project("{FAE04EC0-301F-11D3-BF4B-00C04F79EFBC}") = "Bliss.Recruitment.Email", "Bliss.Recruitment.Email\Bliss.Recruitment.Email.csproj", "{475BC6A3-A871-497B-B7C6-91C027CD2C7E}"
EndProject
Project("{FAE04EC0-301F-11D3-BF4B-00C04F79EFBC}") = "Bliss.Recruitment.Common", "Bliss.Recruitment.Common\Bliss.Recruitment.Common.csproj", "{46D942A8-3202-4C79-8F19-B46F309C1BC6}"
EndProject
Global
	GlobalSection(SolutionConfigurationPlatforms) = preSolution
		Debug|Any CPU = Debug|Any CPU
		Release|Any CPU = Release|Any CPU
	EndGlobalSection
	GlobalSection(ProjectConfigurationPlatforms) = postSolution
		{B64780E2-B331-48E6-BFAD-68CF26514E42}.Debug|Any CPU.ActiveCfg = Debug|Any CPU
		{B64780E2-B331-48E6-BFAD-68CF26514E42}.Debug|Any CPU.Build.0 = Debug|Any CPU
		{B64780E2-B331-48E6-BFAD-68CF26514E42}.Release|Any CPU.ActiveCfg = Release|Any CPU
		{B64780E2-B331-48E6-BFAD-68CF26514E42}.Release|Any CPU.Build.0 = Release|Any CPU
		{7E344169-0DA6-499F-A8AA-E7958EE996A4}.Debug|Any CPU.ActiveCfg = Debug|Any CPU
		{7E344169-0DA6-499F-A8AA-E7958EE996A4}.Debug|Any CPU.Build.0 = Debug|Any CPU
		{7E344169-0DA6-499F-A8AA-E7958EE996A4}.Release|Any CPU.ActiveCfg = Release|Any CPU
		{7E344169-0DA6-499F-A8AA-E7958EE996A4}.Release|Any CPU.Build.0 = Release|Any CPU
		{69840FBA-182B-489C-AA6C-44ED2D23D429}.Debug|Any CPU.ActiveCfg = Debug|Any CPU
		{69840FBA-182B-489C-AA6C-44ED2D23D429}.Debug|Any CPU.Build.0 = Debug|Any CPU
		{69840FBA-182B-489C-AA6C-44ED2D23D429}.Release|Any CPU.ActiveCfg = Release|Any CPU
		{69840FBA-182B-489C-AA6C-44ED2D23D429}.Release|Any CPU.Build.0 = Release|Any CPU
		{D495D556-03EF-4D3D-AA37-B146F2161A6B}.Debug|Any CPU.ActiveCfg = Debug|Any CPU
		{D495D556-03EF-4D3D-AA37-B146F2161A6B}.Debug|Any CPU.Build.0 = Debug|Any CPU
		{D495D556-03EF-4D3D-AA37-B146F2161A6B}.Release|Any CPU.ActiveCfg = Release|Any CPU
		{D495D556-03EF-4D3D-AA37-B146F2161A6B}.Release|Any CPU.Build.0 = Release|Any CPU
		{85DC1F16-61A4-4B9A-8962-C68D3A82721A}.Debug|Any CPU.ActiveCfg = Debug|Any CPU
		{85DC1F16-61A4-4B9A-8962-C68D3A82721A}.Debug|Any CPU.Build.0 = Debug|Any CPU
		{85DC1F16-61A4-4B9A-8962-C68D3A82721A}.Debug|Any CPU.Deploy.0 = Debug|Any CPU
		{85DC1F16-61A4-4B9A-8962-C68D3A82721A}.Release|Any CPU.ActiveCfg = Release|Any CPU
		{85DC1F16-61A4-4B9A-8962-C68D3A82721A}.Release|Any CPU.Build.0 = Release|Any CPU
		{85DC1F16-61A4-4B9A-8962-C68D3A82721A}.Release|Any CPU.Deploy.0 = Release|Any CPU
		{509FC11C-9CD3-4F43-872B-6516A4BF6174}.Debug|Any CPU.ActiveCfg = Debug|Any CPU
		{509FC11C-9CD3-4F43-872B-6516A4BF6174}.Debug|Any CPU.Build.0 = Debug|Any CPU
		{509FC11C-9CD3-4F43-872B-6516A4BF6174}.Release|Any CPU.ActiveCfg = Release|Any CPU
		{509FC11C-9CD3-4F43-872B-6516A4BF6174}.Release|Any CPU.Build.0 = Release|Any CPU
		{475BC6A3-A871-497B-B7C6-91C027CD2C7E}.Debug|Any CPU.ActiveCfg = Debug|Any CPU
		{475BC6A3-A871-497B-B7C6-91C027CD2C7E}.Debug|Any CPU.Build.0 = Debug|Any CPU
		{475BC6A3-A871-497B-B7C6-91C027CD2C7E}.Release|Any CPU.ActiveCfg = Release|Any CPU
		{475BC6A3-A871-497B-B7C6-91C027CD2C7E}.Release|Any CPU.Build.0 = Release|Any CPU
		{46D942A8-3202-4C79-8F19-B46F309C1BC6}.Debug|Any CPU.ActiveCfg = Debug|Any CPU
		{46D942A8-3202-4C79-8F19-B46F309C1BC6}.Debug|Any CPU.Build.0 = Debug|Any CPU
		{46D942A8-3202-4C79-8F19-B46F309C1BC6}.Release|Any CPU.ActiveCfg = Release|Any CPU
		{46D942A8-3202-4C79-8F19-B46F309C1BC6}.Release|Any CPU.Build.0 = Release|Any CPU
	EndGlobalSection
	GlobalSection(SolutionProperties) = preSolution
		HideSolutionNode = FALSE
	EndGlobalSection
	GlobalSection(NestedProjects) = preSolution
		{B64780E2-B331-48E6-BFAD-68CF26514E42} = {4F02EF81-4B5E-4E7A-854E-29E6CE0EB23B}
		{7E344169-0DA6-499F-A8AA-E7958EE996A4} = {5FCFC4C0-48D9-4685-A765-7C9159292549}
		{69840FBA-182B-489C-AA6C-44ED2D23D429} = {344F30B9-3A4B-4809-8E5E-E4853F8B3D00}
		{D495D556-03EF-4D3D-AA37-B146F2161A6B} = {88C34E1C-6EF6-48C5-8974-F0912AC0F401}
		{85DC1F16-61A4-4B9A-8962-C68D3A82721A} = {BDF84720-C3C2-4D4F-B605-EA3A573CAC32}
		{509FC11C-9CD3-4F43-872B-6516A4BF6174} = {137B4A5B-3EE8-4624-BBC4-0D26F0424C52}
		{475BC6A3-A871-497B-B7C6-91C027CD2C7E} = {5FCFC4C0-48D9-4685-A765-7C9159292549}
		{46D942A8-3202-4C79-8F19-B46F309C1BC6} = {344F30B9-3A4B-4809-8E5E-E4853F8B3D00}
	EndGlobalSection
	GlobalSection(ExtensibilityGlobals) = postSolution
		SolutionGuid = {11D94263-BB02-4DE1-87EF-5BBCA680D455}
	EndGlobalSection
EndGlobal
